
Microsoft Visual Studio Solution File, Format Version 12.00
# Visual Studio Version 17
VisualStudioVersion = 17.10.34928.147
MinimumVisualStudioVersion = 10.0.40219.1
Project("{FAE04EC0-301F-11D3-BF4B-00C04F79EFBC}") = "FizzBuzz", "FizzBuzz.csproj", "{EC82FAF5-2648-4E05-A01D-701167D70E25}"
EndProject
Global
	GlobalSection(SolutionConfigurationPlatforms) = preSolution
		Debug|Any CPU = Debug|Any CPU
		Release|Any CPU = Release|Any CPU
	EndGlobalSection
	GlobalSection(ProjectConfigurationPlatforms) = postSolution
		{EC82FAF5-2648-4E05-A01D-701167D70E25}.Debug|Any CPU.ActiveCfg = Debug|Any CPU
		{EC82FAF5-2648-4E05-A01D-701167D70E25}.Debug|Any CPU.Build.0 = Debug|Any CPU
		{EC82FAF5-2648-4E05-A01D-701167D70E25}.Release|Any CPU.ActiveCfg = Release|Any CPU
		{EC82FAF5-2648-4E05-A01D-701167D70E25}.Release|Any CPU.Build.0 = Release|Any CPU
	EndGlobalSection
	GlobalSection(SolutionProperties) = preSolution
		HideSolutionNode = FALSE
	EndGlobalSection
	GlobalSection(ExtensibilityGlobals) = postSolution
		SolutionGuid = {F72A5E31-69CA-4BF3-AC64-AA76547EC79D}
	EndGlobalSection
EndGlobal
